<?xml version="1.0" encoding="utf-8"?>
<Project ToolsVersion="4.0" xmlns="http://schemas.microsoft.com/developer/msbuild/2003">
  <ItemGroup>
    <Filter Include="Source Files">
      <UniqueIdentifier>{4FC737F1-C7A5-4376-A066-2A32D752A2FF}</UniqueIdentifier>
      <Extensions>cpp;c;cc;cxx;c++;cppm;ixx;def;odl;idl;hpj;bat;asm;asmx</Extensions>
    </Filter>
    <Filter Include="Header Files">
      <UniqueIdentifier>{93995380-89BD-4b04-88EB-625FBE52EBFB}</UniqueIdentifier>
      <Extensions>h;hh;hpp;hxx;h++;hm;inl;inc;ipp;xsd</Extensions>
    </Filter>
    <Filter Include="Resource Files">
      <UniqueIdentifier>{67DA6AB6-F800-4c08-8B7A-83BB121AAD01}</UniqueIdentifier>
      <Extensions>rc;ico;cur;bmp;dlg;rc2;rct;bin;rgs;gif;jpg;jpeg;jpe;resx;tiff;tif;png;wav;mfcribbon-ms</Extensions>
    </Filter>
    <Filter Include="Header Files\audio">
      <UniqueIdentifier>{36d84854-8268-429c-bf79-4a42ee380149}</UniqueIdentifier>
    </Filter>
    <Filter Include="Source Files\audio">
      <UniqueIdentifier>{974053b8-23c0-4416-9baf-ec8216deae3d}</UniqueIdentifier>
    </Filter>
  </ItemGroup>
  <ItemGroup>
    <ClCompile Include="DestinyIslands.cpp">
      <Filter>Source Files</Filter>
    </ClCompile>
    <ClCompile Include="HelperFunctions.cpp">
      <Filter>Source Files</Filter>
    </ClCompile>
    <ClCompile Include="rd_destinyislands.cpp">
      <Filter>Source Files</Filter>
    </ClCompile>
    <ClCompile Include="sound.cpp">
      <Filter>Source Files\audio</Filter>
    </ClCompile>
    <ClCompile Include="destinyIslands_sfx.cpp">
      <Filter>Source Files\audio</Filter>
    </ClCompile>
    <ClCompile Include="AlonWoofProductionsSave.cpp">
      <Filter>Source Files</Filter>
    </ClCompile>
  </ItemGroup>
  <ItemGroup>
    <ClInclude Include="di_waterfall.h">
      <Filter>Header Files</Filter>
    </ClInclude>
    <ClInclude Include="di_waterflow.h">
      <Filter>Header Files</Filter>
    </ClInclude>
    <ClInclude Include="di_waves.h">
      <Filter>Header Files</Filter>
    </ClInclude>
    <ClInclude Include="di_sky.h">
      <Filter>Header Files</Filter>
    </ClInclude>
    <ClInclude Include="di_water.h">
      <Filter>Header Files</Filter>
    </ClInclude>
    <ClInclude Include="HelperFunctions.h">
      <Filter>Header Files</Filter>
    </ClInclude>
    <ClInclude Include="rd_destinyislands.h">
      <Filter>Header Files</Filter>
    </ClInclude>
    <ClInclude Include="di_landtable.h">
      <Filter>Header Files</Filter>
    </ClInclude>
    <ClInclude Include="DecompFunctions.h">
      <Filter>Header Files</Filter>
    </ClInclude>
    <ClInclude Include="di_foliage.h">
      <Filter>Header Files</Filter>
    </ClInclude>
    <ClInclude Include="di_ripple.h">
      <Filter>Header Files</Filter>
    </ClInclude>
    <ClInclude Include="sound.h">
      <Filter>Header Files\audio</Filter>
    </ClInclude>
    <ClInclude Include="destinyIslands_sfx.h">
      <Filter>Header Files\audio</Filter>
    </ClInclude>
    <ClInclude Include="AlonWoofProductionsSave.h">
      <Filter>Header Files</Filter>
    </ClInclude>
  </ItemGroup>
</Project>