
Microsoft Visual Studio Solution File, Format Version 12.00
# Visual Studio Version 17
VisualStudioVersion = 17.12.35527.113 d17.12
MinimumVisualStudioVersion = 10.0.40219.1
Project("{8BC9CEB8-8B4A-11D0-8D11-00A0C91BC942}") = "DestinyIslands", "DestinyIslands.vcxproj", "{B6D7E897-E911-4050-B488-16F663F14906}"
EndProject
Project("{8BC9CEB8-8B4A-11D0-8D11-00A0C91BC942}") = "SADXModLoader", "..\sadx-mod-loader\SADXModLoader\SADXModLoader.vcxproj", "{B537B54A-67A7-4CD8-9679-457E498E592F}"
EndProject
Global
	GlobalSection(SolutionConfigurationPlatforms) = preSolution
		Debug|x64 = Debug|x64
		Debug|x86 = Debug|x86
		Release|x64 = Release|x64
		Release|x86 = Release|x86
	EndGlobalSection
	GlobalSection(ProjectConfigurationPlatforms) = postSolution
		{B6D7E897-E911-4050-B488-16F663F14906}.Debug|x64.ActiveCfg = Debug|x64
		{B6D7E897-E911-4050-B488-16F663F14906}.Debug|x64.Build.0 = Debug|x64
		{B6D7E897-E911-4050-B488-16F663F14906}.Debug|x86.ActiveCfg = Debug|Win32
		{B6D7E897-E911-4050-B488-16F663F14906}.Debug|x86.Build.0 = Debug|Win32
		{B6D7E897-E911-4050-B488-16F663F14906}.Release|x64.ActiveCfg = Release|x64
		{B6D7E897-E911-4050-B488-16F663F14906}.Release|x64.Build.0 = Release|x64
		{B6D7E897-E911-4050-B488-16F663F14906}.Release|x86.ActiveCfg = Release|Win32
		{B6D7E897-E911-4050-B488-16F663F14906}.Release|x86.Build.0 = Release|Win32
		{B537B54A-67A7-4CD8-9679-457E498E592F}.Debug|x64.ActiveCfg = Debug|Win32
		{B537B54A-67A7-4CD8-9679-457E498E592F}.Debug|x86.ActiveCfg = Debug|Win32
		{B537B54A-67A7-4CD8-9679-457E498E592F}.Debug|x86.Build.0 = Debug|Win32
		{B537B54A-67A7-4CD8-9679-457E498E592F}.Release|x64.ActiveCfg = Release|Win32
		{B537B54A-67A7-4CD8-9679-457E498E592F}.Release|x86.ActiveCfg = Release|Win32
		{B537B54A-67A7-4CD8-9679-457E498E592F}.Release|x86.Build.0 = Release|Win32
	EndGlobalSection
	GlobalSection(SolutionProperties) = preSolution
		HideSolutionNode = FALSE
	EndGlobalSection
	GlobalSection(ExtensibilityGlobals) = postSolution
		SolutionGuid = {045091BD-E981-4DC0-BE3E-30E14BA1DC51}
	EndGlobalSection
EndGlobal
